{
  "name": "hono-todo-server",
  "lockfileVersion": 3,
  "requires": true,
  "packages": {
    "": {
      "name": "hono-todo-server",
      "dependencies": {
        "@hono/node-server": "^1.19.4",
        "hono": "^4.9.9"
      }
    },
    "node_modules/@hono/node-server": {
      "version": "1.19.4",
      "resolved": "https://registry.npmjs.org/@hono/node-server/-/node-server-1.19.4.tgz",
      "integrity": "sha512-AWKQZ/YkHUBSHeL/5Ld8FWgUs6wFf4TxGYxqp9wLZxRdFuHBpXmgOq+CuDoL4vllkZLzovCf5HBJnypiy3EtHA==",
      "license": "MIT",
      "engines": {
        "node": ">=18.14.1"
      },
      "peerDependencies": {
        "hono": "^4"
      }
    },
    "node_modules/hono": {
      "version": "4.9.9",
      "resolved": "https://registry.npmjs.org/hono/-/hono-4.9.9.tgz",
      "integrity": "sha512-Hxw4wT6zjJGZJdkJzAx9PyBdf7ZpxaTSA0NfxqjLghwMrLBX8p33hJBzoETRakF3UJu6OdNQBZAlNSkGqKFukw==",
      "license": "MIT",
      "engines": {
        "node": ">=16.9.0"
      }
    }
  }
}
